
Microsoft Visual Studio Solution File, Format Version 12.00
# Visual Studio Version 17
VisualStudioVersion = 17.9.34728.123
MinimumVisualStudioVersion = 10.0.40219.1
Project("{FAE04EC0-301F-11D3-BF4B-00C04F79EFBC}") = "FaustBot", "FaustBot\FaustBot.csproj", "{212EF7CE-D467-4977-838D-B3DCEB8DCF28}"
EndProject
Global
	GlobalSection(SolutionConfigurationPlatforms) = preSolution
		Debug|Any CPU = Debug|Any CPU
		Release|Any CPU = Release|Any CPU
	EndGlobalSection
	GlobalSection(ProjectConfigurationPlatforms) = postSolution
		{212EF7CE-D467-4977-838D-B3DCEB8DCF28}.Debug|Any CPU.ActiveCfg = Debug|Any CPU
		{212EF7CE-D467-4977-838D-B3DCEB8DCF28}.Debug|Any CPU.Build.0 = Debug|Any CPU
		{212EF7CE-D467-4977-838D-B3DCEB8DCF28}.Release|Any CPU.ActiveCfg = Release|Any CPU
		{212EF7CE-D467-4977-838D-B3DCEB8DCF28}.Release|Any CPU.Build.0 = Release|Any CPU
	EndGlobalSection
	GlobalSection(SolutionProperties) = preSolution
		HideSolutionNode = FALSE
	EndGlobalSection
	GlobalSection(ExtensibilityGlobals) = postSolution
		SolutionGuid = {7DA17815-CF6D-4971-8490-9127E7F18318}
	EndGlobalSection
EndGlobal
